// !$*UTF8*$!
{
	archiveVersion = 1;
	classes = {
	};
	objectVersion = 50;
	objects = {

/* Begin PBXBuildFile section */
		1879CA0E2297CCF3007E75EB /* TrackModel.m in Sources */ = {isa = PBXBuildFile; fileRef = 1879CA0D2297CCF3007E75EB /* TrackModel.m */; };
		1879CA112297CD46007E75EB /* Download.m in Sources */ = {isa = PBXBuildFile; fileRef = 1879CA102297CD46007E75EB /* Download.m */; };
		18BA57EC2297C5C3003A4AB9 /* AppDelegate.m in Sources */ = {isa = PBXBuildFile; fileRef = 18BA57EB2297C5C3003A4AB9 /* AppDelegate.m */; };
		18BA57EF2297C5C3003A4AB9 /* ViewController.m in Sources */ = {isa = PBXBuildFile; fileRef = 18BA57EE2297C5C3003A4AB9 /* ViewController.m */; };
		18BA57F22297C5C3003A4AB9 /* Main.storyboard in Resources */ = {isa = PBXBuildFile; fileRef = 18BA57F02297C5C3003A4AB9 /* Main.storyboard */; };
		18BA57F42297C5C5003A4AB9 /* Assets.xcassets in Resources */ = {isa = PBXBuildFile; fileRef = 18BA57F32297C5C5003A4AB9 /* Assets.xcassets */; };
		18BA57F72297C5C5003A4AB9 /* LaunchScreen.storyboard in Resources */ = {isa = PBXBuildFile; fileRef = 18BA57F52297C5C5003A4AB9 /* LaunchScreen.storyboard */; };
		18BA57FA2297C5C5003A4AB9 /* main.m in Sources */ = {isa = PBXBuildFile; fileRef = 18BA57F92297C5C5003A4AB9 /* main.m */; };
		18BA58042297C5C5003A4AB9 /* HalfTunesTests.m in Sources */ = {isa = PBXBuildFile; fileRef = 18BA58032297C5C5003A4AB9 /* HalfTunesTests.m */; };
		18BA580F2297C5C5003A4AB9 /* HalfTunesUITests.m in Sources */ = {isa = PBXBuildFile; fileRef = 18BA580E2297C5C5003A4AB9 /* HalfTunesUITests.m */; };
		18BA581E2297CB46003A4AB9 /* TrackCell.m in Sources */ = {isa = PBXBuildFile; fileRef = 18BA581D2297CB46003A4AB9 /* TrackCell.m */; };
/* End PBXBuildFile section */

/* Begin PBXContainerItemProxy section */
		18BA58002297C5C5003A4AB9 /* PBXContainerItemProxy */ = {
			isa = PBXContainerItemProxy;
			containerPortal = 18BA57DF2297C5C3003A4AB9 /* Project object */;
			proxyType = 1;
			remoteGlobalIDString = 18BA57E62297C5C3003A4AB9;
			remoteInfo = HalfTunes;
		};
		18BA580B2297C5C5003A4AB9 /* PBXContainerItemProxy */ = {
			isa = PBXContainerItemProxy;
			containerPortal = 18BA57DF2297C5C3003A4AB9 /* Project object */;
			proxyType = 1;
			remoteGlobalIDString = 18BA57E62297C5C3003A4AB9;
			remoteInfo = HalfTunes;
		};
/* End PBXContainerItemProxy section */

/* Begin PBXFileReference section */
		1879CA0C2297CCF3007E75EB /* TrackModel.h */ = {isa = PBXFileReference; lastKnownFileType = sourcecode.c.h; path = TrackModel.h; sourceTree = "<group>"; };
		1879CA0D2297CCF3007E75EB /* TrackModel.m */ = {isa = PBXFileReference; lastKnownFileType = sourcecode.c.objc; path = TrackModel.m; sourceTree = "<group>"; };
		1879CA0F2297CD46007E75EB /* Download.h */ = {isa = PBXFileReference; lastKnownFileType = sourcecode.c.h; path = Download.h; sourceTree = "<group>"; };
		1879CA102297CD46007E75EB /* Download.m */ = {isa = PBXFileReference; lastKnownFileType = sourcecode.c.objc; path = Download.m; sourceTree = "<group>"; };
		18BA57E72297C5C3003A4AB9 /* HalfTunes.app */ = {isa = PBXFileReference; explicitFileType = wrapper.application; includeInIndex = 0; path = HalfTunes.app; sourceTree = BUILT_PRODUCTS_DIR; };
		18BA57EA2297C5C3003A4AB9 /* AppDelegate.h */ = {isa = PBXFileReference; lastKnownFileType = sourcecode.c.h; path = AppDelegate.h; sourceTree = "<group>"; };
		18BA57EB2297C5C3003A4AB9 /* AppDelegate.m */ = {isa = PBXFileReference; lastKnownFileType = sourcecode.c.objc; path = AppDelegate.m; sourceTree = "<group>"; };
		18BA57ED2297C5C3003A4AB9 /* ViewController.h */ = {isa = PBXFileReference; lastKnownFileType = sourcecode.c.h; path = ViewController.h; sourceTree = "<group>"; };
		18BA57EE2297C5C3003A4AB9 /* ViewController.m */ = {isa = PBXFileReference; lastKnownFileType = sourcecode.c.objc; path = ViewController.m; sourceTree = "<group>"; };
		18BA57F12297C5C3003A4AB9 /* Base */ = {isa = PBXFileReference; lastKnownFileType = file.storyboard; name = Base; path = Base.lproj/Main.storyboard; sourceTree = "<group>"; };
		18BA57F32297C5C5003A4AB9 /* Assets.xcassets */ = {isa = PBXFileReference; lastKnownFileType = folder.assetcatalog; path = Assets.xcassets; sourceTree = "<group>"; };
		18BA57F62297C5C5003A4AB9 /* Base */ = {isa = PBXFileReference; lastKnownFileType = file.storyboard; name = Base; path = Base.lproj/LaunchScreen.storyboard; sourceTree = "<group>"; };
		18BA57F82297C5C5003A4AB9 /* Info.plist */ = {isa = PBXFileReference; lastKnownFileType = text.plist.xml; path = Info.plist; sourceTree = "<group>"; };
		18BA57F92297C5C5003A4AB9 /* main.m */ = {isa = PBXFileReference; lastKnownFileType = sourcecode.c.objc; path = main.m; sourceTree = "<group>"; };
		18BA57FF2297C5C5003A4AB9 /* HalfTunesTests.xctest */ = {isa = PBXFileReference; explicitFileType = wrapper.cfbundle; includeInIndex = 0; path = HalfTunesTests.xctest; sourceTree = BUILT_PRODUCTS_DIR; };
		18BA58032297C5C5003A4AB9 /* HalfTunesTests.m */ = {isa = PBXFileReference; lastKnownFileType = sourcecode.c.objc; path = HalfTunesTests.m; sourceTree = "<group>"; };
		18BA58052297C5C5003A4AB9 /* Info.plist */ = {isa = PBXFileReference; lastKnownFileType = text.plist.xml; path = Info.plist; sourceTree = "<group>"; };
		18BA580A2297C5C5003A4AB9 /* HalfTunesUITests.xctest */ = {isa = PBXFileReference; explicitFileType = wrapper.cfbundle; includeInIndex = 0; path = HalfTunesUITests.xctest; sourceTree = BUILT_PRODUCTS_DIR; };
		18BA580E2297C5C5003A4AB9 /* HalfTunesUITests.m */ = {isa = PBXFileReference; lastKnownFileType = sourcecode.c.objc; path = HalfTunesUITests.m; sourceTree = "<group>"; };
		18BA58102297C5C5003A4AB9 /* Info.plist */ = {isa = PBXFileReference; lastKnownFileType = text.plist.xml; path = Info.plist; sourceTree = "<group>"; };
		18BA581C2297CB46003A4AB9 /* TrackCell.h */ = {isa = PBXFileReference; lastKnownFileType = sourcecode.c.h; path = TrackCell.h; sourceTree = "<group>"; };
		18BA581D2297CB46003A4AB9 /* TrackCell.m */ = {isa = PBXFileReference; lastKnownFileType = sourcecode.c.objc; path = TrackCell.m; sourceTree = "<group>"; };
/* End PBXFileReference section */

/* Begin PBXFrameworksBuildPhase section */
		18BA57E42297C5C3003A4AB9 /* Frameworks */ = {
			isa = PBXFrameworksBuildPhase;
			buildActionMask = 2147483647;
			files = (
			);
			runOnlyForDeploymentPostprocessing = 0;
		};
		18BA57FC2297C5C5003A4AB9 /* Frameworks */ = {
			isa = PBXFrameworksBuildPhase;
			buildActionMask = 2147483647;
			files = (
			);
			runOnlyForDeploymentPostprocessing = 0;
		};
		18BA58072297C5C5003A4AB9 /* Frameworks */ = {
			isa = PBXFrameworksBuildPhase;
			buildActionMask = 2147483647;
			files = (
			);
			runOnlyForDeploymentPostprocessing = 0;
		};
/* End PBXFrameworksBuildPhase section */

/* Begin PBXGroup section */
		18BA57DE2297C5C3003A4AB9 = {
			isa = PBXGroup;
			children = (
				18BA57E92297C5C3003A4AB9 /* HalfTunes */,
				18BA58022297C5C5003A4AB9 /* HalfTunesTests */,
				18BA580D2297C5C5003A4AB9 /* HalfTunesUITests */,
				18BA57E82297C5C3003A4AB9 /* Products */,
			);
			sourceTree = "<group>";
		};
		18BA57E82297C5C3003A4AB9 /* Products */ = {
			isa = PBXGroup;
			children = (
				18BA57E72297C5C3003A4AB9 /* HalfTunes.app */,
				18BA57FF2297C5C5003A4AB9 /* HalfTunesTests.xctest */,
				18BA580A2297C5C5003A4AB9 /* HalfTunesUITests.xctest */,
			);
			name = Products;
			sourceTree = "<group>";
		};
		18BA57E92297C5C3003A4AB9 /* HalfTunes */ = {
			isa = PBXGroup;
			children = (
				1879CA0C2297CCF3007E75EB /* TrackModel.h */,
				1879CA0D2297CCF3007E75EB /* TrackModel.m */,
				1879CA0F2297CD46007E75EB /* Download.h */,
				1879CA102297CD46007E75EB /* Download.m */,
				18BA581C2297CB46003A4AB9 /* TrackCell.h */,
				18BA581D2297CB46003A4AB9 /* TrackCell.m */,
				18BA57EA2297C5C3003A4AB9 /* AppDelegate.h */,
				18BA57EB2297C5C3003A4AB9 /* AppDelegate.m */,
				18BA57ED2297C5C3003A4AB9 /* ViewController.h */,
				18BA57EE2297C5C3003A4AB9 /* ViewController.m */,
				18BA57F02297C5C3003A4AB9 /* Main.storyboard */,
				18BA57F32297C5C5003A4AB9 /* Assets.xcassets */,
				18BA57F52297C5C5003A4AB9 /* LaunchScreen.storyboard */,
				18BA57F82297C5C5003A4AB9 /* Info.plist */,
				18BA57F92297C5C5003A4AB9 /* main.m */,
			);
			path = HalfTunes;
			sourceTree = "<group>";
		};
		18BA58022297C5C5003A4AB9 /* HalfTunesTests */ = {
			isa = PBXGroup;
			children = (
				18BA58032297C5C5003A4AB9 /* HalfTunesTests.m */,
				18BA58052297C5C5003A4AB9 /* Info.plist */,
			);
			path = HalfTunesTests;
			sourceTree = "<group>";
		};
		18BA580D2297C5C5003A4AB9 /* HalfTunesUITests */ = {
			isa = PBXGroup;
			children = (
				18BA580E2297C5C5003A4AB9 /* HalfTunesUITests.m */,
				18BA58102297C5C5003A4AB9 /* Info.plist */,
			);
			path = HalfTunesUITests;
			sourceTree = "<group>";
		};
/* End PBXGroup section */

/* Begin PBXNativeTarget section */
		18BA57E62297C5C3003A4AB9 /* HalfTunes */ = {
			isa = PBXNativeTarget;
			buildConfigurationList = 18BA58132297C5C5003A4AB9 /* Build configuration list for PBXNativeTarget "HalfTunes" */;
			buildPhases = (
				18BA57E32297C5C3003A4AB9 /* Sources */,
				18BA57E42297C5C3003A4AB9 /* Frameworks */,
				18BA57E52297C5C3003A4AB9 /* Resources */,
			);
			buildRules = (
			);
			dependencies = (
			);
			name = HalfTunes;
			productName = HalfTunes;
			productReference = 18BA57E72297C5C3003A4AB9 /* HalfTunes.app */;
			productType = "com.apple.product-type.application";
		};
		18BA57FE2297C5C5003A4AB9 /* HalfTunesTests */ = {
			isa = PBXNativeTarget;
			buildConfigurationList = 18BA58162297C5C5003A4AB9 /* Build configuration list for PBXNativeTarget "HalfTunesTests" */;
			buildPhases = (
				18BA57FB2297C5C5003A4AB9 /* Sources */,
				18BA57FC2297C5C5003A4AB9 /* Frameworks */,
				18BA57FD2297C5C5003A4AB9 /* Resources */,
			);
			buildRules = (
			);
			dependencies = (
				18BA58012297C5C5003A4AB9 /* PBXTargetDependency */,
			);
			name = HalfTunesTests;
			productName = HalfTunesTests;
			productReference = 18BA57FF2297C5C5003A4AB9 /* HalfTunesTests.xctest */;
			productType = "com.apple.product-type.bundle.unit-test";
		};
		18BA58092297C5C5003A4AB9 /* HalfTunesUITests */ = {
			isa = PBXNativeTarget;
			buildConfigurationList = 18BA58192297C5C5003A4AB9 /* Build configuration list for PBXNativeTarget "HalfTunesUITests" */;
			buildPhases = (
				18BA58062297C5C5003A4AB9 /* Sources */,
				18BA58072297C5C5003A4AB9 /* Frameworks */,
				18BA58082297C5C5003A4AB9 /* Resources */,
			);
			buildRules = (
			);
			dependencies = (
				18BA580C2297C5C5003A4AB9 /* PBXTargetDependency */,
			);
			name = HalfTunesUITests;
			productName = HalfTunesUITests;
			productReference = 18BA580A2297C5C5003A4AB9 /* HalfTunesUITests.xctest */;
			productType = "com.apple.product-type.bundle.ui-testing";
		};
/* End PBXNativeTarget section */

/* Begin PBXProject section */
		18BA57DF2297C5C3003A4AB9 /* Project object */ = {
			isa = PBXProject;
			attributes = {
				LastUpgradeCheck = 1020;
				ORGANIZATIONNAME = LeeSen;
				TargetAttributes = {
					18BA57E62297C5C3003A4AB9 = {
						CreatedOnToolsVersion = 10.2;
					};
					18BA57FE2297C5C5003A4AB9 = {
						CreatedOnToolsVersion = 10.2;
						TestTargetID = 18BA57E62297C5C3003A4AB9;
					};
					18BA58092297C5C5003A4AB9 = {
						CreatedOnToolsVersion = 10.2;
						TestTargetID = 18BA57E62297C5C3003A4AB9;
					};
				};
			};
			buildConfigurationList = 18BA57E22297C5C3003A4AB9 /* Build configuration list for PBXProject "HalfTunes" */;
			compatibilityVersion = "Xcode 9.3";
			developmentRegion = en;
			hasScannedForEncodings = 0;
			knownRegions = (
				en,
				Base,
			);
			mainGroup = 18BA57DE2297C5C3003A4AB9;
			productRefGroup = 18BA57E82297C5C3003A4AB9 /* Products */;
			projectDirPath = "";
			projectRoot = "";
			targets = (
				18BA57E62297C5C3003A4AB9 /* HalfTunes */,
				18BA57FE2297C5C5003A4AB9 /* HalfTunesTests */,
				18BA58092297C5C5003A4AB9 /* HalfTunesUITests */,
			);
		};
/* End PBXProject section */

/* Begin PBXResourcesBuildPhase section */
		18BA57E52297C5C3003A4AB9 /* Resources */ = {
			isa = PBXResourcesBuildPhase;
			buildActionMask = 2147483647;
			files = (
				18BA57F72297C5C5003A4AB9 /* LaunchScreen.storyboard in Resources */,
				18BA57F42297C5C5003A4AB9 /* Assets.xcassets in Resources */,
				18BA57F22297C5C3003A4AB9 /* Main.storyboard in Resources */,
			);
			runOnlyForDeploymentPostprocessing = 0;
		};
		18BA57FD2297C5C5003A4AB9 /* Resources */ = {
			isa = PBXResourcesBuildPhase;
			buildActionMask = 2147483647;
			files = (
			);
			runOnlyForDeploymentPostprocessing = 0;
		};
		18BA58082297C5C5003A4AB9 /* Resources */ = {
			isa = PBXResourcesBuildPhase;
			buildActionMask = 2147483647;
			files = (
			);
			runOnlyForDeploymentPostprocessing = 0;
		};
/* End PBXResourcesBuildPhase section */

/* Begin PBXSourcesBuildPhase section */
		18BA57E32297C5C3003A4AB9 /* Sources */ = {
			isa = PBXSourcesBuildPhase;
			buildActionMask = 2147483647;
			files = (
				18BA57EF2297C5C3003A4AB9 /* ViewController.m in Sources */,
				18BA57FA2297C5C5003A4AB9 /* main.m in Sources */,
				18BA57EC2297C5C3003A4AB9 /* AppDelegate.m in Sources */,
				1879CA112297CD46007E75EB /* Download.m in Sources */,
				18BA581E2297CB46003A4AB9 /* TrackCell.m in Sources */,
				1879CA0E2297CCF3007E75EB /* TrackModel.m in Sources */,
			);
			runOnlyForDeploymentPostprocessing = 0;
		};
		18BA57FB2297C5C5003A4AB9 /* Sources */ = {
			isa = PBXSourcesBuildPhase;
			buildActionMask = 2147483647;
			files = (
				18BA58042297C5C5003A4AB9 /* HalfTunesTests.m in Sources */,
			);
			runOnlyForDeploymentPostprocessing = 0;
		};
		18BA58062297C5C5003A4AB9 /* Sources */ = {
			isa = PBXSourcesBuildPhase;
			buildActionMask = 2147483647;
			files = (
				18BA580F2297C5C5003A4AB9 /* HalfTunesUITests.m in Sources */,
			);
			runOnlyForDeploymentPostprocessing = 0;
		};
/* End PBXSourcesBuildPhase section */

/* Begin PBXTargetDependency section */
		18BA58012297C5C5003A4AB9 /* PBXTargetDependency */ = {
			isa = PBXTargetDependency;
			target = 18BA57E62297C5C3003A4AB9 /* HalfTunes */;
			targetProxy = 18BA58002297C5C5003A4AB9 /* PBXContainerItemProxy */;
		};
		18BA580C2297C5C5003A4AB9 /* PBXTargetDependency */ = {
			isa = PBXTargetDependency;
			target = 18BA57E62297C5C3003A4AB9 /* HalfTunes */;
			targetProxy = 18BA580B2297C5C5003A4AB9 /* PBXContainerItemProxy */;
		};
/* End PBXTargetDependency section */

/* Begin PBXVariantGroup section */
		18BA57F02297C5C3003A4AB9 /* Main.storyboard */ = {
			isa = PBXVariantGroup;
			children = (
				18BA57F12297C5C3003A4AB9 /* Base */,
			);
			name = Main.storyboard;
			sourceTree = "<group>";
		};
		18BA57F52297C5C5003A4AB9 /* LaunchScreen.storyboard */ = {
			isa = PBXVariantGroup;
			children = (
				18BA57F62297C5C5003A4AB9 /* Base */,
			);
			name = LaunchScreen.storyboard;
			sourceTree = "<group>";
		};
/* End PBXVariantGroup section */

/* Begin XCBuildConfiguration section */
		18BA58112297C5C5003A4AB9 /* Debug */ = {
			isa = XCBuildConfiguration;
			buildSettings = {
				ALWAYS_SEARCH_USER_PATHS = NO;
				CLANG_ANALYZER_NONNULL = YES;
				CLANG_ANALYZER_NUMBER_OBJECT_CONVERSION = YES_AGGRESSIVE;
				CLANG_CXX_LANGUAGE_STANDARD = "gnu++14";
				CLANG_CXX_LIBRARY = "libc++";
				CLANG_ENABLE_MODULES = YES;
				CLANG_ENABLE_OBJC_ARC = YES;
				CLANG_ENABLE_OBJC_WEAK = YES;
				CLANG_WARN_BLOCK_CAPTURE_AUTORELEASING = YES;
				CLANG_WARN_BOOL_CONVERSION = YES;
				CLANG_WARN_COMMA = YES;
				CLANG_WARN_CONSTANT_CONVERSION = YES;
				CLANG_WARN_DEPRECATED_OBJC_IMPLEMENTATIONS = YES;
				CLANG_WARN_DIRECT_OBJC_ISA_USAGE = YES_ERROR;
				CLANG_WARN_DOCUMENTATION_COMMENTS = YES;
				CLANG_WARN_EMPTY_BODY = YES;
				CLANG_WARN_ENUM_CONVERSION = YES;
				CLANG_WARN_INFINITE_RECURSION = YES;
				CLANG_WARN_INT_CONVERSION = YES;
				CLANG_WARN_NON_LITERAL_NULL_CONVERSION = YES;
				CLANG_WARN_OBJC_IMPLICIT_RETAIN_SELF = YES;
				CLANG_WARN_OBJC_LITERAL_CONVERSION = YES;
				CLANG_WARN_OBJC_ROOT_CLASS = YES_ERROR;
				CLANG_WARN_RANGE_LOOP_ANALYSIS = YES;
				CLANG_WARN_STRICT_PROTOTYPES = YES;
				CLANG_WARN_SUSPICIOUS_MOVE = YES;
				CLANG_WARN_UNGUARDED_AVAILABILITY = YES_AGGRESSIVE;
				CLANG_WARN_UNREACHABLE_CODE = YES;
				CLANG_WARN__DUPLICATE_METHOD_MATCH = YES;
				CODE_SIGN_IDENTITY = "iPhone Developer";
				COPY_PHASE_STRIP = NO;
				DEBUG_INFORMATION_FORMAT = dwarf;
				ENABLE_STRICT_OBJC_MSGSEND = YES;
				ENABLE_TESTABILITY = YES;
				GCC_C_LANGUAGE_STANDARD = gnu11;
				GCC_DYNAMIC_NO_PIC = NO;
				GCC_NO_COMMON_BLOCKS = YES;
				GCC_OPTIMIZATION_LEVEL = 0;
				GCC_PREPROCESSOR_DEFINITIONS = (
					"DEBUG=1",
					"$(inherited)",
				);
				GCC_WARN_64_TO_32_BIT_CONVERSION = YES;
				GCC_WARN_ABOUT_RETURN_TYPE = YES_ERROR;
				GCC_WARN_UNDECLARED_SELECTOR = YES;
				GCC_WARN_UNINITIALIZED_AUTOS = YES_AGGRESSIVE;
				GCC_WARN_UNUSED_FUNCTION = YES;
				GCC_WARN_UNUSED_VARIABLE = YES;
				IPHONEOS_DEPLOYMENT_TARGET = 12.2;
				MTL_ENABLE_DEBUG_INFO = INCLUDE_SOURCE;
				MTL_FAST_MATH = YES;
				ONLY_ACTIVE_ARCH = YES;
				SDKROOT = iphoneos;
			};
			name = Debug;
		};
		18BA58122297C5C5003A4AB9 /* Release */ = {
			isa = XCBuildConfiguration;
			buildSettings = {
				ALWAYS_SEARCH_USER_PATHS = NO;
				CLANG_ANALYZER_NONNULL = YES;
				CLANG_ANALYZER_NUMBER_OBJECT_CONVERSION = YES_AGGRESSIVE;
				CLANG_CXX_LANGUAGE_STANDARD = "gnu++14";
				CLANG_CXX_LIBRARY = "libc++";
				CLANG_ENABLE_MODULES = YES;
				CLANG_ENABLE_OBJC_ARC = YES;
				CLANG_ENABLE_OBJC_WEAK = YES;
				CLANG_WARN_BLOCK_CAPTURE_AUTORELEASING = YES;
				CLANG_WARN_BOOL_CONVERSION = YES;
				CLANG_WARN_COMMA = YES;
				CLANG_WARN_CONSTANT_CONVERSION = YES;
				CLANG_WARN_DEPRECATED_OBJC_IMPLEMENTATIONS = YES;
				CLANG_WARN_DIRECT_OBJC_ISA_USAGE = YES_ERROR;
				CLANG_WARN_DOCUMENTATION_COMMENTS = YES;
				CLANG_WARN_EMPTY_BODY = YES;
				CLANG_WARN_ENUM_CONVERSION = YES;
				CLANG_WARN_INFINITE_RECURSION = YES;
				CLANG_WARN_INT_CONVERSION = YES;
				CLANG_WARN_NON_LITERAL_NULL_CONVERSION = YES;
				CLANG_WARN_OBJC_IMPLICIT_RETAIN_SELF = YES;
				CLANG_WARN_OBJC_LITERAL_CONVERSION = YES;
				CLANG_WARN_OBJC_ROOT_CLASS = YES_ERROR;
				CLANG_WARN_RANGE_LOOP_ANALYSIS = YES;
				CLANG_WARN_STRICT_PROTOTYPES = YES;
				CLANG_WARN_SUSPICIOUS_MOVE = YES;
				CLANG_WARN_UNGUARDED_AVAILABILITY = YES_AGGRESSIVE;
				CLANG_WARN_UNREACHABLE_CODE = YES;
				CLANG_WARN__DUPLICATE_METHOD_MATCH = YES;
				CODE_SIGN_IDENTITY = "iPhone Developer";
				COPY_PHASE_STRIP = NO;
				DEBUG_INFORMATION_FORMAT = "dwarf-with-dsym";
				ENABLE_NS_ASSERTIONS = NO;
				ENABLE_STRICT_OBJC_MSGSEND = YES;
				GCC_C_LANGUAGE_STANDARD = gnu11;
				GCC_NO_COMMON_BLOCKS = YES;
				GCC_WARN_64_TO_32_BIT_CONVERSION = YES;
				GCC_WARN_ABOUT_RETURN_TYPE = YES_ERROR;
				GCC_WARN_UNDECLARED_SELECTOR = YES;
				GCC_WARN_UNINITIALIZED_AUTOS = YES_AGGRESSIVE;
				GCC_WARN_UNUSED_FUNCTION = YES;
				GCC_WARN_UNUSED_VARIABLE = YES;
				IPHONEOS_DEPLOYMENT_TARGET = 12.2;
				MTL_ENABLE_DEBUG_INFO = NO;
				MTL_FAST_MATH = YES;
				SDKROOT = iphoneos;
				VALIDATE_PRODUCT = YES;
			};
			name = Release;
		};
		18BA58142297C5C5003A4AB9 /* Debug */ = {
			isa = XCBuildConfiguration;
			buildSettings = {
				ASSETCATALOG_COMPILER_APPICON_NAME = AppIcon;
				CODE_SIGN_STYLE = Automatic;
				INFOPLIST_FILE = HalfTunes/Info.plist;
				IPHONEOS_DEPLOYMENT_TARGET = 10.0;
				LD_RUNPATH_SEARCH_PATHS = (
					"$(inherited)",
					"@executable_path/Frameworks",
				);
				PRODUCT_BUNDLE_IDENTIFIER = LeeSen.HalfTunes;
				PRODUCT_NAME = "$(TARGET_NAME)";
				TARGETED_DEVICE_FAMILY = "1,2";
			};
			name = Debug;
		};
		18BA58152297C5C5003A4AB9 /* Release */ = {
			isa = XCBuildConfiguration;
			buildSettings = {
				ASSETCATALOG_COMPILER_APPICON_NAME = AppIcon;
				CODE_SIGN_STYLE = Automatic;
				INFOPLIST_FILE = HalfTunes/Info.plist;
				IPHONEOS_DEPLOYMENT_TARGET = 10.0;
				LD_RUNPATH_SEARCH_PATHS = (
					"$(inherited)",
					"@executable_path/Frameworks",
				);
				PRODUCT_BUNDLE_IDENTIFIER = LeeSen.HalfTunes;
				PRODUCT_NAME = "$(TARGET_NAME)";
				TARGETED_DEVICE_FAMILY = "1,2";
			};
			name = Release;
		};
		18BA58172297C5C5003A4AB9 /* Debug */ = {
			isa = XCBuildConfiguration;
			buildSettings = {
				BUNDLE_LOADER = "$(TEST_HOST)";
				CODE_SIGN_STYLE = Automatic;
				INFOPLIST_FILE = HalfTunesTests/Info.plist;
				LD_RUNPATH_SEARCH_PATHS = (
					"$(inherited)",
					"@executable_path/Frameworks",
					"@loader_path/Frameworks",
				);
				PRODUCT_BUNDLE_IDENTIFIER = LeeSen.HalfTunesTests;
				PRODUCT_NAME = "$(TARGET_NAME)";
				TARGETED_DEVICE_FAMILY = "1,2";
				TEST_HOST = "$(BUILT_PRODUCTS_DIR)/HalfTunes.app/HalfTunes";
			};
			name = Debug;
		};
		18BA58182297C5C5003A4AB9 /* Release */ = {
			isa = XCBuildConfiguration;
			buildSettings = {
				BUNDLE_LOADER = "$(TEST_HOST)";
				CODE_SIGN_STYLE = Automatic;
				INFOPLIST_FILE = HalfTunesTests/Info.plist;
				LD_RUNPATH_SEARCH_PATHS = (
					"$(inherited)",
					"@executable_path/Frameworks",
					"@loader_path/Frameworks",
				);
				PRODUCT_BUNDLE_IDENTIFIER = LeeSen.HalfTunesTests;
				PRODUCT_NAME = "$(TARGET_NAME)";
				TARGETED_DEVICE_FAMILY = "1,2";
				TEST_HOST = "$(BUILT_PRODUCTS_DIR)/HalfTunes.app/HalfTunes";
			};
			name = Release;
		};
		18BA581A2297C5C5003A4AB9 /* Debug */ = {
			isa = XCBuildConfiguration;
			buildSettings = {
				CODE_SIGN_STYLE = Automatic;
				INFOPLIST_FILE = HalfTunesUITests/Info.plist;
				LD_RUNPATH_SEARCH_PATHS = (
					"$(inherited)",
					"@executable_path/Frameworks",
					"@loader_path/Frameworks",
				);
				PRODUCT_BUNDLE_IDENTIFIER = LeeSen.HalfTunesUITests;
				PRODUCT_NAME = "$(TARGET_NAME)";
				TARGETED_DEVICE_FAMILY = "1,2";
				TEST_TARGET_NAME = HalfTunes;
			};
			name = Debug;
		};
		18BA581B2297C5C5003A4AB9 /* Release */ = {
			isa = XCBuildConfiguration;
			buildSettings = {
				CODE_SIGN_STYLE = Automatic;
				INFOPLIST_FILE = HalfTunesUITests/Info.plist;
				LD_RUNPATH_SEARCH_PATHS = (
					"$(inherited)",
					"@executable_path/Frameworks",
					"@loader_path/Frameworks",
				);
				PRODUCT_BUNDLE_IDENTIFIER = LeeSen.HalfTunesUITests;
				PRODUCT_NAME = "$(TARGET_NAME)";
				TARGETED_DEVICE_FAMILY = "1,2";
				TEST_TARGET_NAME = HalfTunes;
			};
			name = Release;
		};
/* End XCBuildConfiguration section */

/* Begin XCConfigurationList section */
		18BA57E22297C5C3003A4AB9 /* Build configuration list for PBXProject "HalfTunes" */ = {
			isa = XCConfigurationList;
			buildConfigurations = (
				18BA58112297C5C5003A4AB9 /* Debug */,
				18BA58122297C5C5003A4AB9 /* Release */,
			);
			defaultConfigurationIsVisible = 0;
			defaultConfigurationName = Release;
		};
		18BA58132297C5C5003A4AB9 /* Build configuration list for PBXNativeTarget "HalfTunes" */ = {
			isa = XCConfigurationList;
			buildConfigurations = (
				18BA58142297C5C5003A4AB9 /* Debug */,
				18BA58152297C5C5003A4AB9 /* Release */,
			);
			defaultConfigurationIsVisible = 0;
			defaultConfigurationName = Release;
		};
		18BA58162297C5C5003A4AB9 /* Build configuration list for PBXNativeTarget "HalfTunesTests" */ = {
			isa = XCConfigurationList;
			buildConfigurations = (
				18BA58172297C5C5003A4AB9 /* Debug */,
				18BA58182297C5C5003A4AB9 /* Release */,
			);
			defaultConfigurationIsVisible = 0;
			defaultConfigurationName = Release;
		};
		18BA58192297C5C5003A4AB9 /* Build configuration list for PBXNativeTarget "HalfTunesUITests" */ = {
			isa = XCConfigurationList;
			buildConfigurations = (
				18BA581A2297C5C5003A4AB9 /* Debug */,
				18BA581B2297C5C5003A4AB9 /* Release */,
			);
			defaultConfigurationIsVisible = 0;
			defaultConfigurationName = Release;
		};
/* End XCConfigurationList section */
	};
	rootObject = 18BA57DF2297C5C3003A4AB9 /* Project object */;
}
